
Microsoft Visual Studio Solution File, Format Version 12.00
# Visual Studio Version 16
VisualStudioVersion = 16.0.30204.135
MinimumVisualStudioVersion = 10.0.40219.1
Project("{9A19103F-16F7-4668-BE54-9A1E7A4F7556}") = "ArticleApp.Business", "ArticleApp.Business\ArticleApp.Business.csproj", "{FE27BE5E-2FE4-40C8-A437-0C6F2D442B72}"
EndProject
Project("{9A19103F-16F7-4668-BE54-9A1E7A4F7556}") = "ArticleApp.DataAccess", "ArticleApp.DataAccess\ArticleApp.DataAccess.csproj", "{2542AB4D-217E-488D-A359-0A262DC77FDC}"
EndProject
Project("{9A19103F-16F7-4668-BE54-9A1E7A4F7556}") = "ArticleApp.Entities", "ArticleApp.Entities\ArticleApp.Entities.csproj", "{74FC1011-D3E5-4B23-AC51-38A302621228}"
EndProject
Global
	GlobalSection(SolutionConfigurationPlatforms) = preSolution
		Debug|Any CPU = Debug|Any CPU
		Release|Any CPU = Release|Any CPU
	EndGlobalSection
	GlobalSection(ProjectConfigurationPlatforms) = postSolution
		{FE27BE5E-2FE4-40C8-A437-0C6F2D442B72}.Debug|Any CPU.ActiveCfg = Debug|Any CPU
		{FE27BE5E-2FE4-40C8-A437-0C6F2D442B72}.Debug|Any CPU.Build.0 = Debug|Any CPU
		{FE27BE5E-2FE4-40C8-A437-0C6F2D442B72}.Release|Any CPU.ActiveCfg = Release|Any CPU
		{FE27BE5E-2FE4-40C8-A437-0C6F2D442B72}.Release|Any CPU.Build.0 = Release|Any CPU
		{2542AB4D-217E-488D-A359-0A262DC77FDC}.Debug|Any CPU.ActiveCfg = Debug|Any CPU
		{2542AB4D-217E-488D-A359-0A262DC77FDC}.Debug|Any CPU.Build.0 = Debug|Any CPU
		{2542AB4D-217E-488D-A359-0A262DC77FDC}.Release|Any CPU.ActiveCfg = Release|Any CPU
		{2542AB4D-217E-488D-A359-0A262DC77FDC}.Release|Any CPU.Build.0 = Release|Any CPU
		{74FC1011-D3E5-4B23-AC51-38A302621228}.Debug|Any CPU.ActiveCfg = Debug|Any CPU
		{74FC1011-D3E5-4B23-AC51-38A302621228}.Debug|Any CPU.Build.0 = Debug|Any CPU
		{74FC1011-D3E5-4B23-AC51-38A302621228}.Release|Any CPU.ActiveCfg = Release|Any CPU
		{74FC1011-D3E5-4B23-AC51-38A302621228}.Release|Any CPU.Build.0 = Release|Any CPU
	EndGlobalSection
	GlobalSection(SolutionProperties) = preSolution
		HideSolutionNode = FALSE
	EndGlobalSection
	GlobalSection(ExtensibilityGlobals) = postSolution
		SolutionGuid = {08A3380C-9355-4FE1-AEC2-A0E7068BFF61}
	EndGlobalSection
EndGlobal
